PODS:
  - Files (2.2.1)
  - FixedDFUService (4.11.2):
    - ZIPFoundation (= 0.9.11)
  - NaptimeFileProtocol (1.0.0)
  - SnapKit (4.2.0)
  - SVProgressHUD (2.2.5)
  - SwiftyTimer (2.1.0)
  - ZIPFoundation (0.9.11)

DEPENDENCIES:
  - Files
  - FixedDFUService (~> 4.11.2)
  - "NaptimeFileProtocol (from `git@github.com:EnterTech/Naptime-FileProtocol-iOS.git`, branch `develop`)"
  - SnapKit
  - SVProgressHUD
  - SwiftyTimer

SPEC REPOS:
  trunk:
    - Files
    - FixedDFUService
    - SnapKit
    - SVProgressHUD
    - SwiftyTimer
    - ZIPFoundation

EXTERNAL SOURCES:
  NaptimeFileProtocol:
    :branch: develop
    :git: "git@github.com:EnterTech/Naptime-FileProtocol-iOS.git"

CHECKOUT OPTIONS:
  NaptimeFileProtocol:
    :commit: 41e0c03e5097cee50450e229298a599ff37a80f7
    :git: "git@github.com:EnterTech/Naptime-FileProtocol-iOS.git"

SPEC CHECKSUMS:
  Files: 18a88ede4f1e339a73adaca7272af15fa32ba69f
  FixedDFUService: 7e6c2056df8b4d5e585fb9e012849613f91b6e8f
  NaptimeFileProtocol: c0c0fada1f62c4d52f53ed66172ff413468a4e92
  SnapKit: fe8a619752f3f27075cc9a90244d75c6c3f27e2a
  SVProgressHUD: 1428aafac632c1f86f62aa4243ec12008d7a51d6
  SwiftyTimer: 02dd6cf10cbc71cbf67cec494f6e5eb782102543
  ZIPFoundation: b1f0de4eed33e74a676f76e12559ab6b75990197

PODFILE CHECKSUM: 24600037276a9e84ca39c38ce78ece5952707291

COCOAPODS: 1.11.2
