PODS:
  - Files (2.0.0)
  - iOSDFULibrary (4.0.3):
    - Zip (~> 1.0)
  - NaptimeFileProtocol (0.3.0)
  - PromiseKit (4.5.0):
    - PromiseKit/Foundation (= 4.5.0)
    - PromiseKit/QuartzCore (= 4.5.0)
    - PromiseKit/UIKit (= 4.5.0)
  - PromiseKit/CorePromise (4.5.0)
  - PromiseKit/Foundation (4.5.0):
    - PromiseKit/CorePromise
  - PromiseKit/QuartzCore (4.5.0):
    - PromiseKit/CorePromise
  - PromiseKit/UIKit (4.5.0):
    - PromiseKit/CorePromise
  - RxBluetoothKit (4.0.0):
    - RxSwift (~> 4.0.0)
  - RxCocoa (4.0.0):
    - RxSwift (~> 4.0)
  - RxSwift (4.0.0)
  - SnapKit (4.0.0)
  - SVProgressHUD (2.2.2)
  - SwiftyTimer (2.0.0)
  - Zip (1.1.0)

DEPENDENCIES:
  - Files (~> 2.0.0)
  - iOSDFULibrary (~> 4.0)
  - NaptimeFileProtocol (from `git@github.com:EnterTech/Naptime-FileProtocol-iOS.git`, branch `develop`)
  - PromiseKit (~> 4.5)
  - RxBluetoothKit (~> 4.0)
  - RxCocoa (~> 4.0)
  - RxSwift (~> 4.0)
  - SnapKit (~> 4.0)
  - SVProgressHUD (~> 2.2)
  - SwiftyTimer (~> 2.0)

EXTERNAL SOURCES:
  NaptimeFileProtocol:
    :branch: develop
    :git: git@github.com:EnterTech/Naptime-FileProtocol-iOS.git

CHECKOUT OPTIONS:
  NaptimeFileProtocol:
    :commit: 198fe1c677e598ed58ae9190e79833f76d3a312c
    :git: git@github.com:EnterTech/Naptime-FileProtocol-iOS.git

SPEC CHECKSUMS:
  Files: d81e13e2dde21bd4f275d69062e4790bf86ac26d
  iOSDFULibrary: 7a8fd23fb6a673ba311cd3821f8f5b4bd1eb1dce
  NaptimeFileProtocol: 9259aaaeb0fc8dc7a213de57a89039bcdb606cf0
  PromiseKit: 9c1d9f6d7b65e3951a90bea7f407c56972be5d8e
  RxBluetoothKit: 65b56c51c023078bf5cdf56d07c6e16dcb60546d
  RxCocoa: d62846ca96495d862fa4c59ea7d87e5031d7340e
  RxSwift: fd680d75283beb5e2559486f3c0ff852f0d35334
  SnapKit: a42d492c16e80209130a3379f73596c3454b7694
  SVProgressHUD: 59b2d3dabacbd051576d21d32293ca7228dc18b0
  SwiftyTimer: 2efd74b060d69ad4f1496baf5bbedbe132125fcf
  Zip: 8877eede3dda76bcac281225c20e71c25270774c

PODFILE CHECKSUM: 7413ebcb7d71175661e0b0b6ccf4c20833ccd630

COCOAPODS: 1.3.1
