// !$*UTF8*$!
{
	archiveVersion = 1;
	classes = {
	};
	objectVersion = 48;
	objects = {

/* Begin PBXBuildFile section */
		5D91F204ABCAA580D1B7326D /* Pods_NaptimeBLE.framework in Frameworks */ = {isa = PBXBuildFile; fileRef = F13DF3C1BECFA4B5BD0FFA67 /* Pods_NaptimeBLE.framework */; };
		6C143B961FA06C68009F866D /* GCD.swift in Sources */ = {isa = PBXBuildFile; fileRef = 6C143B951FA06C68009F866D /* GCD.swift */; };
		6C1642FF1FA03B09002C1438 /* AppDelegate.swift in Sources */ = {isa = PBXBuildFile; fileRef = 6C1642FE1FA03B09002C1438 /* AppDelegate.swift */; };
		6C1643041FA03B09002C1438 /* Main.storyboard in Resources */ = {isa = PBXBuildFile; fileRef = 6C1643021FA03B09002C1438 /* Main.storyboard */; };
		6C1643061FA03B09002C1438 /* Assets.xcassets in Resources */ = {isa = PBXBuildFile; fileRef = 6C1643051FA03B09002C1438 /* Assets.xcassets */; };
		6C1643091FA03B09002C1438 /* LaunchScreen.storyboard in Resources */ = {isa = PBXBuildFile; fileRef = 6C1643071FA03B09002C1438 /* LaunchScreen.storyboard */; };
		6C1643121FA06603002C1438 /* ScanViewController.swift in Sources */ = {isa = PBXBuildFile; fileRef = 6C1643111FA06603002C1438 /* ScanViewController.swift */; };
		6CA2B1791FA1CCAA00A012BC /* PeripheralViewController.swift in Sources */ = {isa = PBXBuildFile; fileRef = 6CA2B1781FA1CCAA00A012BC /* PeripheralViewController.swift */; };
		6CA2B17B1FA1DCA000A012BC /* ServiceHeaderView.swift in Sources */ = {isa = PBXBuildFile; fileRef = 6CA2B17A1FA1DCA000A012BC /* ServiceHeaderView.swift */; };
		6CEAC49B1FA1DFE700E04358 /* ServiceHeaderView.xib in Resources */ = {isa = PBXBuildFile; fileRef = 6CEAC49A1FA1DFE700E04358 /* ServiceHeaderView.xib */; };
		6CFB760F1FA2D960006C03A5 /* Characteristic.swift in Sources */ = {isa = PBXBuildFile; fileRef = 6CFB760E1FA2D960006C03A5 /* Characteristic.swift */; };
		6CFB76111FA30025006C03A5 /* CommandViewController.swift in Sources */ = {isa = PBXBuildFile; fileRef = 6CFB76101FA30025006C03A5 /* CommandViewController.swift */; };
		6CFB76131FA323AE006C03A5 /* EEGViewController.swift in Sources */ = {isa = PBXBuildFile; fileRef = 6CFB76121FA323AE006C03A5 /* EEGViewController.swift */; };
		6CFB76151FA32692006C03A5 /* Extension.swift in Sources */ = {isa = PBXBuildFile; fileRef = 6CFB76141FA32692006C03A5 /* Extension.swift */; };
/* End PBXBuildFile section */

/* Begin PBXFileReference section */
		5FE0C70E83F51085ACEF699A /* Pods-NaptimeBLE.debug.xcconfig */ = {isa = PBXFileReference; includeInIndex = 1; lastKnownFileType = text.xcconfig; name = "Pods-NaptimeBLE.debug.xcconfig"; path = "Pods/Target Support Files/Pods-NaptimeBLE/Pods-NaptimeBLE.debug.xcconfig"; sourceTree = "<group>"; };
		6C143B951FA06C68009F866D /* GCD.swift */ = {isa = PBXFileReference; lastKnownFileType = sourcecode.swift; path = GCD.swift; sourceTree = "<group>"; };
		6C1642FB1FA03B09002C1438 /* NaptimeBLE.app */ = {isa = PBXFileReference; explicitFileType = wrapper.application; includeInIndex = 0; path = NaptimeBLE.app; sourceTree = BUILT_PRODUCTS_DIR; };
		6C1642FE1FA03B09002C1438 /* AppDelegate.swift */ = {isa = PBXFileReference; lastKnownFileType = sourcecode.swift; path = AppDelegate.swift; sourceTree = "<group>"; };
		6C1643031FA03B09002C1438 /* Base */ = {isa = PBXFileReference; lastKnownFileType = file.storyboard; name = Base; path = Base.lproj/Main.storyboard; sourceTree = "<group>"; };
		6C1643051FA03B09002C1438 /* Assets.xcassets */ = {isa = PBXFileReference; lastKnownFileType = folder.assetcatalog; path = Assets.xcassets; sourceTree = "<group>"; };
		6C1643081FA03B09002C1438 /* Base */ = {isa = PBXFileReference; lastKnownFileType = file.storyboard; name = Base; path = Base.lproj/LaunchScreen.storyboard; sourceTree = "<group>"; };
		6C16430A1FA03B09002C1438 /* Info.plist */ = {isa = PBXFileReference; lastKnownFileType = text.plist.xml; path = Info.plist; sourceTree = "<group>"; };
		6C1643111FA06603002C1438 /* ScanViewController.swift */ = {isa = PBXFileReference; lastKnownFileType = sourcecode.swift; path = ScanViewController.swift; sourceTree = "<group>"; };
		6CA2B1781FA1CCAA00A012BC /* PeripheralViewController.swift */ = {isa = PBXFileReference; lastKnownFileType = sourcecode.swift; path = PeripheralViewController.swift; sourceTree = "<group>"; };
		6CA2B17A1FA1DCA000A012BC /* ServiceHeaderView.swift */ = {isa = PBXFileReference; lastKnownFileType = sourcecode.swift; path = ServiceHeaderView.swift; sourceTree = "<group>"; };
		6CEAC49A1FA1DFE700E04358 /* ServiceHeaderView.xib */ = {isa = PBXFileReference; lastKnownFileType = file.xib; path = ServiceHeaderView.xib; sourceTree = "<group>"; };
		6CFB760E1FA2D960006C03A5 /* Characteristic.swift */ = {isa = PBXFileReference; lastKnownFileType = sourcecode.swift; path = Characteristic.swift; sourceTree = "<group>"; };
		6CFB76101FA30025006C03A5 /* CommandViewController.swift */ = {isa = PBXFileReference; lastKnownFileType = sourcecode.swift; path = CommandViewController.swift; sourceTree = "<group>"; };
		6CFB76121FA323AE006C03A5 /* EEGViewController.swift */ = {isa = PBXFileReference; lastKnownFileType = sourcecode.swift; path = EEGViewController.swift; sourceTree = "<group>"; };
		6CFB76141FA32692006C03A5 /* Extension.swift */ = {isa = PBXFileReference; lastKnownFileType = sourcecode.swift; path = Extension.swift; sourceTree = "<group>"; };
		801514BAE5DE07EF432831B1 /* Pods-NaptimeBLE.release.xcconfig */ = {isa = PBXFileReference; includeInIndex = 1; lastKnownFileType = text.xcconfig; name = "Pods-NaptimeBLE.release.xcconfig"; path = "Pods/Target Support Files/Pods-NaptimeBLE/Pods-NaptimeBLE.release.xcconfig"; sourceTree = "<group>"; };
		F13DF3C1BECFA4B5BD0FFA67 /* Pods_NaptimeBLE.framework */ = {isa = PBXFileReference; explicitFileType = wrapper.framework; includeInIndex = 0; path = Pods_NaptimeBLE.framework; sourceTree = BUILT_PRODUCTS_DIR; };
/* End PBXFileReference section */

/* Begin PBXFrameworksBuildPhase section */
		6C1642F81FA03B09002C1438 /* Frameworks */ = {
			isa = PBXFrameworksBuildPhase;
			buildActionMask = 2147483647;
			files = (
				5D91F204ABCAA580D1B7326D /* Pods_NaptimeBLE.framework in Frameworks */,
			);
			runOnlyForDeploymentPostprocessing = 0;
		};
/* End PBXFrameworksBuildPhase section */

/* Begin PBXGroup section */
		6C143B941FA06C51009F866D /* Global */ = {
			isa = PBXGroup;
			children = (
				6C143B951FA06C68009F866D /* GCD.swift */,
				6CFB76141FA32692006C03A5 /* Extension.swift */,
			);
			path = Global;
			sourceTree = "<group>";
		};
		6C1642F21FA03B09002C1438 = {
			isa = PBXGroup;
			children = (
				6C1642FD1FA03B09002C1438 /* NaptimeBLE */,
				6C1642FC1FA03B09002C1438 /* Products */,
				BDF37AF999B672F982338A68 /* Pods */,
				A9270B81DB032DBDF56008A7 /* Frameworks */,
			);
			sourceTree = "<group>";
		};
		6C1642FC1FA03B09002C1438 /* Products */ = {
			isa = PBXGroup;
			children = (
				6C1642FB1FA03B09002C1438 /* NaptimeBLE.app */,
			);
			name = Products;
			sourceTree = "<group>";
		};
		6C1642FD1FA03B09002C1438 /* NaptimeBLE */ = {
			isa = PBXGroup;
			children = (
				6C143B941FA06C51009F866D /* Global */,
				6C1643101FA06098002C1438 /* UI */,
				6C1642FE1FA03B09002C1438 /* AppDelegate.swift */,
				6C1643021FA03B09002C1438 /* Main.storyboard */,
				6C1643051FA03B09002C1438 /* Assets.xcassets */,
				6C1643071FA03B09002C1438 /* LaunchScreen.storyboard */,
				6C16430A1FA03B09002C1438 /* Info.plist */,
			);
			path = NaptimeBLE;
			sourceTree = "<group>";
		};
		6C1643101FA06098002C1438 /* UI */ = {
			isa = PBXGroup;
			children = (
				6C1643111FA06603002C1438 /* ScanViewController.swift */,
				6CA2B1781FA1CCAA00A012BC /* PeripheralViewController.swift */,
				6CA2B17A1FA1DCA000A012BC /* ServiceHeaderView.swift */,
				6CEAC49A1FA1DFE700E04358 /* ServiceHeaderView.xib */,
				6CFB760E1FA2D960006C03A5 /* Characteristic.swift */,
				6CFB76101FA30025006C03A5 /* CommandViewController.swift */,
				6CFB76121FA323AE006C03A5 /* EEGViewController.swift */,
			);
			path = UI;
			sourceTree = "<group>";
		};
		A9270B81DB032DBDF56008A7 /* Frameworks */ = {
			isa = PBXGroup;
			children = (
				F13DF3C1BECFA4B5BD0FFA67 /* Pods_NaptimeBLE.framework */,
			);
			name = Frameworks;
			sourceTree = "<group>";
		};
		BDF37AF999B672F982338A68 /* Pods */ = {
			isa = PBXGroup;
			children = (
				5FE0C70E83F51085ACEF699A /* Pods-NaptimeBLE.debug.xcconfig */,
				801514BAE5DE07EF432831B1 /* Pods-NaptimeBLE.release.xcconfig */,
			);
			name = Pods;
			sourceTree = "<group>";
		};
/* End PBXGroup section */

/* Begin PBXNativeTarget section */
		6C1642FA1FA03B09002C1438 /* NaptimeBLE */ = {
			isa = PBXNativeTarget;
			buildConfigurationList = 6C16430D1FA03B09002C1438 /* Build configuration list for PBXNativeTarget "NaptimeBLE" */;
			buildPhases = (
				6CC20487783033654E2F806C /* [CP] Check Pods Manifest.lock */,
				6C1642F71FA03B09002C1438 /* Sources */,
				6C1642F81FA03B09002C1438 /* Frameworks */,
				6C1642F91FA03B09002C1438 /* Resources */,
				D7495F85416DAEB819F50028 /* [CP] Embed Pods Frameworks */,
				B549F24A6D86F5139B1ABE1A /* [CP] Copy Pods Resources */,
			);
			buildRules = (
			);
			dependencies = (
			);
			name = NaptimeBLE;
			productName = NaptimeBLE;
			productReference = 6C1642FB1FA03B09002C1438 /* NaptimeBLE.app */;
			productType = "com.apple.product-type.application";
		};
/* End PBXNativeTarget section */

/* Begin PBXProject section */
		6C1642F31FA03B09002C1438 /* Project object */ = {
			isa = PBXProject;
			attributes = {
				LastSwiftUpdateCheck = 0900;
				LastUpgradeCheck = 0900;
				ORGANIZATIONNAME = EnterTech;
				TargetAttributes = {
					6C1642FA1FA03B09002C1438 = {
						CreatedOnToolsVersion = 9.0.1;
						ProvisioningStyle = Automatic;
					};
				};
			};
			buildConfigurationList = 6C1642F61FA03B09002C1438 /* Build configuration list for PBXProject "NaptimeBLE" */;
			compatibilityVersion = "Xcode 8.0";
			developmentRegion = en;
			hasScannedForEncodings = 0;
			knownRegions = (
				en,
				Base,
			);
			mainGroup = 6C1642F21FA03B09002C1438;
			productRefGroup = 6C1642FC1FA03B09002C1438 /* Products */;
			projectDirPath = "";
			projectRoot = "";
			targets = (
				6C1642FA1FA03B09002C1438 /* NaptimeBLE */,
			);
		};
/* End PBXProject section */

/* Begin PBXResourcesBuildPhase section */
		6C1642F91FA03B09002C1438 /* Resources */ = {
			isa = PBXResourcesBuildPhase;
			buildActionMask = 2147483647;
			files = (
				6C1643091FA03B09002C1438 /* LaunchScreen.storyboard in Resources */,
				6C1643061FA03B09002C1438 /* Assets.xcassets in Resources */,
				6C1643041FA03B09002C1438 /* Main.storyboard in Resources */,
				6CEAC49B1FA1DFE700E04358 /* ServiceHeaderView.xib in Resources */,
			);
			runOnlyForDeploymentPostprocessing = 0;
		};
/* End PBXResourcesBuildPhase section */

/* Begin PBXShellScriptBuildPhase section */
		6CC20487783033654E2F806C /* [CP] Check Pods Manifest.lock */ = {
			isa = PBXShellScriptBuildPhase;
			buildActionMask = 2147483647;
			files = (
			);
			inputPaths = (
				"${PODS_PODFILE_DIR_PATH}/Podfile.lock",
				"${PODS_ROOT}/Manifest.lock",
			);
			name = "[CP] Check Pods Manifest.lock";
			outputPaths = (
				"$(DERIVED_FILE_DIR)/Pods-NaptimeBLE-checkManifestLockResult.txt",
			);
			runOnlyForDeploymentPostprocessing = 0;
			shellPath = /bin/sh;
			shellScript = "diff \"${PODS_PODFILE_DIR_PATH}/Podfile.lock\" \"${PODS_ROOT}/Manifest.lock\" > /dev/null\nif [ $? != 0 ] ; then\n    # print error to STDERR\n    echo \"error: The sandbox is not in sync with the Podfile.lock. Run 'pod install' or update your CocoaPods installation.\" >&2\n    exit 1\nfi\n# This output is used by Xcode 'outputs' to avoid re-running this script phase.\necho \"SUCCESS\" > \"${SCRIPT_OUTPUT_FILE_0}\"\n";
			showEnvVarsInLog = 0;
		};
		B549F24A6D86F5139B1ABE1A /* [CP] Copy Pods Resources */ = {
			isa = PBXShellScriptBuildPhase;
			buildActionMask = 2147483647;
			files = (
			);
			inputPaths = (
			);
			name = "[CP] Copy Pods Resources";
			outputPaths = (
			);
			runOnlyForDeploymentPostprocessing = 0;
			shellPath = /bin/sh;
			shellScript = "\"${SRCROOT}/Pods/Target Support Files/Pods-NaptimeBLE/Pods-NaptimeBLE-resources.sh\"\n";
			showEnvVarsInLog = 0;
		};
		D7495F85416DAEB819F50028 /* [CP] Embed Pods Frameworks */ = {
			isa = PBXShellScriptBuildPhase;
			buildActionMask = 2147483647;
			files = (
			);
			inputPaths = (
				"${SRCROOT}/Pods/Target Support Files/Pods-NaptimeBLE/Pods-NaptimeBLE-frameworks.sh",
				"${BUILT_PRODUCTS_DIR}/RxBluetoothKit/RxBluetoothKit.framework",
				"${BUILT_PRODUCTS_DIR}/RxCocoa/RxCocoa.framework",
				"${BUILT_PRODUCTS_DIR}/RxSwift/RxSwift.framework",
				"${BUILT_PRODUCTS_DIR}/SVProgressHUD/SVProgressHUD.framework",
				"${BUILT_PRODUCTS_DIR}/SnapKit/SnapKit.framework",
			);
			name = "[CP] Embed Pods Frameworks";
			outputPaths = (
				"${TARGET_BUILD_DIR}/${FRAMEWORKS_FOLDER_PATH}/RxBluetoothKit.framework",
				"${TARGET_BUILD_DIR}/${FRAMEWORKS_FOLDER_PATH}/RxCocoa.framework",
				"${TARGET_BUILD_DIR}/${FRAMEWORKS_FOLDER_PATH}/RxSwift.framework",
				"${TARGET_BUILD_DIR}/${FRAMEWORKS_FOLDER_PATH}/SVProgressHUD.framework",
				"${TARGET_BUILD_DIR}/${FRAMEWORKS_FOLDER_PATH}/SnapKit.framework",
			);
			runOnlyForDeploymentPostprocessing = 0;
			shellPath = /bin/sh;
			shellScript = "\"${SRCROOT}/Pods/Target Support Files/Pods-NaptimeBLE/Pods-NaptimeBLE-frameworks.sh\"\n";
			showEnvVarsInLog = 0;
		};
/* End PBXShellScriptBuildPhase section */

/* Begin PBXSourcesBuildPhase section */
		6C1642F71FA03B09002C1438 /* Sources */ = {
			isa = PBXSourcesBuildPhase;
			buildActionMask = 2147483647;
			files = (
				6CFB76151FA32692006C03A5 /* Extension.swift in Sources */,
				6CFB760F1FA2D960006C03A5 /* Characteristic.swift in Sources */,
				6C143B961FA06C68009F866D /* GCD.swift in Sources */,
				6CFB76131FA323AE006C03A5 /* EEGViewController.swift in Sources */,
				6C1642FF1FA03B09002C1438 /* AppDelegate.swift in Sources */,
				6CA2B1791FA1CCAA00A012BC /* PeripheralViewController.swift in Sources */,
				6CFB76111FA30025006C03A5 /* CommandViewController.swift in Sources */,
				6C1643121FA06603002C1438 /* ScanViewController.swift in Sources */,
				6CA2B17B1FA1DCA000A012BC /* ServiceHeaderView.swift in Sources */,
			);
			runOnlyForDeploymentPostprocessing = 0;
		};
/* End PBXSourcesBuildPhase section */

/* Begin PBXVariantGroup section */
		6C1643021FA03B09002C1438 /* Main.storyboard */ = {
			isa = PBXVariantGroup;
			children = (
				6C1643031FA03B09002C1438 /* Base */,
			);
			name = Main.storyboard;
			sourceTree = "<group>";
		};
		6C1643071FA03B09002C1438 /* LaunchScreen.storyboard */ = {
			isa = PBXVariantGroup;
			children = (
				6C1643081FA03B09002C1438 /* Base */,
			);
			name = LaunchScreen.storyboard;
			sourceTree = "<group>";
		};
/* End PBXVariantGroup section */

/* Begin XCBuildConfiguration section */
		6C16430B1FA03B09002C1438 /* Debug */ = {
			isa = XCBuildConfiguration;
			buildSettings = {
				ALWAYS_SEARCH_USER_PATHS = NO;
				CLANG_ANALYZER_NONNULL = YES;
				CLANG_ANALYZER_NUMBER_OBJECT_CONVERSION = YES_AGGRESSIVE;
				CLANG_CXX_LANGUAGE_STANDARD = "gnu++14";
				CLANG_CXX_LIBRARY = "libc++";
				CLANG_ENABLE_MODULES = YES;
				CLANG_ENABLE_OBJC_ARC = YES;
				CLANG_WARN_BLOCK_CAPTURE_AUTORELEASING = YES;
				CLANG_WARN_BOOL_CONVERSION = YES;
				CLANG_WARN_COMMA = YES;
				CLANG_WARN_CONSTANT_CONVERSION = YES;
				CLANG_WARN_DIRECT_OBJC_ISA_USAGE = YES_ERROR;
				CLANG_WARN_DOCUMENTATION_COMMENTS = YES;
				CLANG_WARN_EMPTY_BODY = YES;
				CLANG_WARN_ENUM_CONVERSION = YES;
				CLANG_WARN_INFINITE_RECURSION = YES;
				CLANG_WARN_INT_CONVERSION = YES;
				CLANG_WARN_NON_LITERAL_NULL_CONVERSION = YES;
				CLANG_WARN_OBJC_LITERAL_CONVERSION = YES;
				CLANG_WARN_OBJC_ROOT_CLASS = YES_ERROR;
				CLANG_WARN_RANGE_LOOP_ANALYSIS = YES;
				CLANG_WARN_STRICT_PROTOTYPES = YES;
				CLANG_WARN_SUSPICIOUS_MOVE = YES;
				CLANG_WARN_UNGUARDED_AVAILABILITY = YES_AGGRESSIVE;
				CLANG_WARN_UNREACHABLE_CODE = YES;
				CLANG_WARN__DUPLICATE_METHOD_MATCH = YES;
				CODE_SIGN_IDENTITY = "iPhone Developer";
				COPY_PHASE_STRIP = NO;
				DEBUG_INFORMATION_FORMAT = dwarf;
				ENABLE_STRICT_OBJC_MSGSEND = YES;
				ENABLE_TESTABILITY = YES;
				GCC_C_LANGUAGE_STANDARD = gnu11;
				GCC_DYNAMIC_NO_PIC = NO;
				GCC_NO_COMMON_BLOCKS = YES;
				GCC_OPTIMIZATION_LEVEL = 0;
				GCC_PREPROCESSOR_DEFINITIONS = (
					"DEBUG=1",
					"$(inherited)",
				);
				GCC_WARN_64_TO_32_BIT_CONVERSION = YES;
				GCC_WARN_ABOUT_RETURN_TYPE = YES_ERROR;
				GCC_WARN_UNDECLARED_SELECTOR = YES;
				GCC_WARN_UNINITIALIZED_AUTOS = YES_AGGRESSIVE;
				GCC_WARN_UNUSED_FUNCTION = YES;
				GCC_WARN_UNUSED_VARIABLE = YES;
				IPHONEOS_DEPLOYMENT_TARGET = 11.0;
				MTL_ENABLE_DEBUG_INFO = YES;
				ONLY_ACTIVE_ARCH = YES;
				SDKROOT = iphoneos;
				SWIFT_ACTIVE_COMPILATION_CONDITIONS = DEBUG;
				SWIFT_OPTIMIZATION_LEVEL = "-Onone";
			};
			name = Debug;
		};
		6C16430C1FA03B09002C1438 /* Release */ = {
			isa = XCBuildConfiguration;
			buildSettings = {
				ALWAYS_SEARCH_USER_PATHS = NO;
				CLANG_ANALYZER_NONNULL = YES;
				CLANG_ANALYZER_NUMBER_OBJECT_CONVERSION = YES_AGGRESSIVE;
				CLANG_CXX_LANGUAGE_STANDARD = "gnu++14";
				CLANG_CXX_LIBRARY = "libc++";
				CLANG_ENABLE_MODULES = YES;
				CLANG_ENABLE_OBJC_ARC = YES;
				CLANG_WARN_BLOCK_CAPTURE_AUTORELEASING = YES;
				CLANG_WARN_BOOL_CONVERSION = YES;
				CLANG_WARN_COMMA = YES;
				CLANG_WARN_CONSTANT_CONVERSION = YES;
				CLANG_WARN_DIRECT_OBJC_ISA_USAGE = YES_ERROR;
				CLANG_WARN_DOCUMENTATION_COMMENTS = YES;
				CLANG_WARN_EMPTY_BODY = YES;
				CLANG_WARN_ENUM_CONVERSION = YES;
				CLANG_WARN_INFINITE_RECURSION = YES;
				CLANG_WARN_INT_CONVERSION = YES;
				CLANG_WARN_NON_LITERAL_NULL_CONVERSION = YES;
				CLANG_WARN_OBJC_LITERAL_CONVERSION = YES;
				CLANG_WARN_OBJC_ROOT_CLASS = YES_ERROR;
				CLANG_WARN_RANGE_LOOP_ANALYSIS = YES;
				CLANG_WARN_STRICT_PROTOTYPES = YES;
				CLANG_WARN_SUSPICIOUS_MOVE = YES;
				CLANG_WARN_UNGUARDED_AVAILABILITY = YES_AGGRESSIVE;
				CLANG_WARN_UNREACHABLE_CODE = YES;
				CLANG_WARN__DUPLICATE_METHOD_MATCH = YES;
				CODE_SIGN_IDENTITY = "iPhone Developer";
				COPY_PHASE_STRIP = NO;
				DEBUG_INFORMATION_FORMAT = "dwarf-with-dsym";
				ENABLE_NS_ASSERTIONS = NO;
				ENABLE_STRICT_OBJC_MSGSEND = YES;
				GCC_C_LANGUAGE_STANDARD = gnu11;
				GCC_NO_COMMON_BLOCKS = YES;
				GCC_WARN_64_TO_32_BIT_CONVERSION = YES;
				GCC_WARN_ABOUT_RETURN_TYPE = YES_ERROR;
				GCC_WARN_UNDECLARED_SELECTOR = YES;
				GCC_WARN_UNINITIALIZED_AUTOS = YES_AGGRESSIVE;
				GCC_WARN_UNUSED_FUNCTION = YES;
				GCC_WARN_UNUSED_VARIABLE = YES;
				IPHONEOS_DEPLOYMENT_TARGET = 11.0;
				MTL_ENABLE_DEBUG_INFO = NO;
				SDKROOT = iphoneos;
				SWIFT_OPTIMIZATION_LEVEL = "-Owholemodule";
				VALIDATE_PRODUCT = YES;
			};
			name = Release;
		};
		6C16430E1FA03B09002C1438 /* Debug */ = {
			isa = XCBuildConfiguration;
			baseConfigurationReference = 5FE0C70E83F51085ACEF699A /* Pods-NaptimeBLE.debug.xcconfig */;
			buildSettings = {
				ASSETCATALOG_COMPILER_APPICON_NAME = AppIcon;
				CODE_SIGN_STYLE = Automatic;
				DEVELOPMENT_TEAM = 5EVD5KXKJ4;
				INFOPLIST_FILE = NaptimeBLE/Info.plist;
				LD_RUNPATH_SEARCH_PATHS = "$(inherited) @executable_path/Frameworks";
				PRODUCT_BUNDLE_IDENTIFIER = cn.entertech.NaptimeBLE;
				PRODUCT_NAME = "$(TARGET_NAME)";
				SWIFT_VERSION = 4.0;
				TARGETED_DEVICE_FAMILY = "1,2";
			};
			name = Debug;
		};
		6C16430F1FA03B09002C1438 /* Release */ = {
			isa = XCBuildConfiguration;
			baseConfigurationReference = 801514BAE5DE07EF432831B1 /* Pods-NaptimeBLE.release.xcconfig */;
			buildSettings = {
				ASSETCATALOG_COMPILER_APPICON_NAME = AppIcon;
				CODE_SIGN_STYLE = Automatic;
				DEVELOPMENT_TEAM = 5EVD5KXKJ4;
				INFOPLIST_FILE = NaptimeBLE/Info.plist;
				LD_RUNPATH_SEARCH_PATHS = "$(inherited) @executable_path/Frameworks";
				PRODUCT_BUNDLE_IDENTIFIER = cn.entertech.NaptimeBLE;
				PRODUCT_NAME = "$(TARGET_NAME)";
				SWIFT_VERSION = 4.0;
				TARGETED_DEVICE_FAMILY = "1,2";
			};
			name = Release;
		};
/* End XCBuildConfiguration section */

/* Begin XCConfigurationList section */
		6C1642F61FA03B09002C1438 /* Build configuration list for PBXProject "NaptimeBLE" */ = {
			isa = XCConfigurationList;
			buildConfigurations = (
				6C16430B1FA03B09002C1438 /* Debug */,
				6C16430C1FA03B09002C1438 /* Release */,
			);
			defaultConfigurationIsVisible = 0;
			defaultConfigurationName = Release;
		};
		6C16430D1FA03B09002C1438 /* Build configuration list for PBXNativeTarget "NaptimeBLE" */ = {
			isa = XCConfigurationList;
			buildConfigurations = (
				6C16430E1FA03B09002C1438 /* Debug */,
				6C16430F1FA03B09002C1438 /* Release */,
			);
			defaultConfigurationIsVisible = 0;
			defaultConfigurationName = Release;
		};
/* End XCConfigurationList section */
	};
	rootObject = 6C1642F31FA03B09002C1438 /* Project object */;
}
